
Microsoft Visual Studio Solution File, Format Version 12.00
# Visual Studio Version 17
VisualStudioVersion = 17.4.33110.190
MinimumVisualStudioVersion = 10.0.40219.1
Project("{9A19103F-16F7-4668-BE54-9A1E7A4F7556}") = "Client_GUI", "Client_GUI\Client_GUI.csproj", "{2FD2C5ED-111A-4515-B0C1-319792FCB89B}"
EndProject
Project("{2150E333-8FDC-42A3-9474-1A3956D46DE8}") = "icons", "icons", "{95B8EADA-2635-4A38-B85A-D49EE6BD4724}"
	ProjectSection(SolutionItems) = preProject
		..\..\..\..\Downloads\SC-watcher_icon.ico = ..\..\..\..\Downloads\SC-watcher_icon.ico
		..\..\..\..\Downloads\SC-watcher_icon_16.png = ..\..\..\..\Downloads\SC-watcher_icon_16.png
	EndProjectSection
EndProject
Global
	GlobalSection(SolutionConfigurationPlatforms) = preSolution
		Debug|Any CPU = Debug|Any CPU
		Debug|x64 = Debug|x64
		Release|Any CPU = Release|Any CPU
		Release|x64 = Release|x64
	EndGlobalSection
	GlobalSection(ProjectConfigurationPlatforms) = postSolution
		{2FD2C5ED-111A-4515-B0C1-319792FCB89B}.Debug|Any CPU.ActiveCfg = Debug|Any CPU
		{2FD2C5ED-111A-4515-B0C1-319792FCB89B}.Debug|Any CPU.Build.0 = Debug|Any CPU
		{2FD2C5ED-111A-4515-B0C1-319792FCB89B}.Debug|x64.ActiveCfg = Debug|Any CPU
		{2FD2C5ED-111A-4515-B0C1-319792FCB89B}.Debug|x64.Build.0 = Debug|Any CPU
		{2FD2C5ED-111A-4515-B0C1-319792FCB89B}.Release|Any CPU.ActiveCfg = Release|Any CPU
		{2FD2C5ED-111A-4515-B0C1-319792FCB89B}.Release|Any CPU.Build.0 = Release|Any CPU
		{2FD2C5ED-111A-4515-B0C1-319792FCB89B}.Release|x64.ActiveCfg = Release|Any CPU
		{2FD2C5ED-111A-4515-B0C1-319792FCB89B}.Release|x64.Build.0 = Release|Any CPU
	EndGlobalSection
	GlobalSection(SolutionProperties) = preSolution
		HideSolutionNode = FALSE
	EndGlobalSection
	GlobalSection(ExtensibilityGlobals) = postSolution
		SolutionGuid = {B08CAE0E-7389-48A6-9D70-095FACC7A6B4}
	EndGlobalSection
EndGlobal
